
Microsoft Visual Studio Solution File, Format Version 12.00
# Visual Studio 15
VisualStudioVersion = 15.0.26124.0
MinimumVisualStudioVersion = 15.0.26124.0
Project("{F2A71F9B-5D33-465A-A702-920D77279786}") = "Library", "Library\Library.fsproj", "{B9297253-AB2E-4798-BCB2-E6A621942EF1}"
EndProject
Project("{F2A71F9B-5D33-465A-A702-920D77279786}") = "Demo", "Demo\Demo.fsproj", "{0BF1AEF0-B62D-4283-B551-918F78F122DD}"
EndProject
Project("{F2A71F9B-5D33-465A-A702-920D77279786}") = "Test", "Test\Test.fsproj", "{50CCD478-E4F3-45DF-BCA4-87D44A0AC7AF}"
EndProject
Global
	GlobalSection(SolutionConfigurationPlatforms) = preSolution
		Debug|Any CPU = Debug|Any CPU
		Debug|x64 = Debug|x64
		Debug|x86 = Debug|x86
		Release|Any CPU = Release|Any CPU
		Release|x64 = Release|x64
		Release|x86 = Release|x86
	EndGlobalSection
	GlobalSection(SolutionProperties) = preSolution
		HideSolutionNode = FALSE
	EndGlobalSection
	GlobalSection(ProjectConfigurationPlatforms) = postSolution
		{B9297253-AB2E-4798-BCB2-E6A621942EF1}.Debug|Any CPU.ActiveCfg = Debug|Any CPU
		{B9297253-AB2E-4798-BCB2-E6A621942EF1}.Debug|Any CPU.Build.0 = Debug|Any CPU
		{B9297253-AB2E-4798-BCB2-E6A621942EF1}.Debug|x64.ActiveCfg = Debug|Any CPU
		{B9297253-AB2E-4798-BCB2-E6A621942EF1}.Debug|x64.Build.0 = Debug|Any CPU
		{B9297253-AB2E-4798-BCB2-E6A621942EF1}.Debug|x86.ActiveCfg = Debug|Any CPU
		{B9297253-AB2E-4798-BCB2-E6A621942EF1}.Debug|x86.Build.0 = Debug|Any CPU
		{B9297253-AB2E-4798-BCB2-E6A621942EF1}.Release|Any CPU.ActiveCfg = Release|Any CPU
		{B9297253-AB2E-4798-BCB2-E6A621942EF1}.Release|Any CPU.Build.0 = Release|Any CPU
		{B9297253-AB2E-4798-BCB2-E6A621942EF1}.Release|x64.ActiveCfg = Release|Any CPU
		{B9297253-AB2E-4798-BCB2-E6A621942EF1}.Release|x64.Build.0 = Release|Any CPU
		{B9297253-AB2E-4798-BCB2-E6A621942EF1}.Release|x86.ActiveCfg = Release|Any CPU
		{B9297253-AB2E-4798-BCB2-E6A621942EF1}.Release|x86.Build.0 = Release|Any CPU
		{0BF1AEF0-B62D-4283-B551-918F78F122DD}.Debug|Any CPU.ActiveCfg = Debug|Any CPU
		{0BF1AEF0-B62D-4283-B551-918F78F122DD}.Debug|Any CPU.Build.0 = Debug|Any CPU
		{0BF1AEF0-B62D-4283-B551-918F78F122DD}.Debug|x64.ActiveCfg = Debug|Any CPU
		{0BF1AEF0-B62D-4283-B551-918F78F122DD}.Debug|x64.Build.0 = Debug|Any CPU
		{0BF1AEF0-B62D-4283-B551-918F78F122DD}.Debug|x86.ActiveCfg = Debug|Any CPU
		{0BF1AEF0-B62D-4283-B551-918F78F122DD}.Debug|x86.Build.0 = Debug|Any CPU
		{0BF1AEF0-B62D-4283-B551-918F78F122DD}.Release|Any CPU.ActiveCfg = Release|Any CPU
		{0BF1AEF0-B62D-4283-B551-918F78F122DD}.Release|Any CPU.Build.0 = Release|Any CPU
		{0BF1AEF0-B62D-4283-B551-918F78F122DD}.Release|x64.ActiveCfg = Release|Any CPU
		{0BF1AEF0-B62D-4283-B551-918F78F122DD}.Release|x64.Build.0 = Release|Any CPU
		{0BF1AEF0-B62D-4283-B551-918F78F122DD}.Release|x86.ActiveCfg = Release|Any CPU
		{0BF1AEF0-B62D-4283-B551-918F78F122DD}.Release|x86.Build.0 = Release|Any CPU
		{50CCD478-E4F3-45DF-BCA4-87D44A0AC7AF}.Debug|Any CPU.ActiveCfg = Debug|Any CPU
		{50CCD478-E4F3-45DF-BCA4-87D44A0AC7AF}.Debug|Any CPU.Build.0 = Debug|Any CPU
		{50CCD478-E4F3-45DF-BCA4-87D44A0AC7AF}.Debug|x64.ActiveCfg = Debug|Any CPU
		{50CCD478-E4F3-45DF-BCA4-87D44A0AC7AF}.Debug|x64.Build.0 = Debug|Any CPU
		{50CCD478-E4F3-45DF-BCA4-87D44A0AC7AF}.Debug|x86.ActiveCfg = Debug|Any CPU
		{50CCD478-E4F3-45DF-BCA4-87D44A0AC7AF}.Debug|x86.Build.0 = Debug|Any CPU
		{50CCD478-E4F3-45DF-BCA4-87D44A0AC7AF}.Release|Any CPU.ActiveCfg = Release|Any CPU
		{50CCD478-E4F3-45DF-BCA4-87D44A0AC7AF}.Release|Any CPU.Build.0 = Release|Any CPU
		{50CCD478-E4F3-45DF-BCA4-87D44A0AC7AF}.Release|x64.ActiveCfg = Release|Any CPU
		{50CCD478-E4F3-45DF-BCA4-87D44A0AC7AF}.Release|x64.Build.0 = Release|Any CPU
		{50CCD478-E4F3-45DF-BCA4-87D44A0AC7AF}.Release|x86.ActiveCfg = Release|Any CPU
		{50CCD478-E4F3-45DF-BCA4-87D44A0AC7AF}.Release|x86.Build.0 = Release|Any CPU
	EndGlobalSection
EndGlobal
